github.com/herumi/bls-eth-go-binary v0.0.0-20210407105559-9588dcfc7de7 h1:Q+xlIlrm3oXs+KOyDdvGo3oWkiY0DFFWD4RRCusJb2I=
github.com/herumi/bls-eth-go-binary v0.0.0-20210407105559-9588dcfc7de7/go.mod h1:luAnRm3OsMQeokhGzpYmc0ZKwawY7o87PUEP11Z7r7U=
github.com/kilic/bls12-381 v0.1.1-0.20210208205449-6045b0235e36 h1:ac3KEjgHrX671Q7gW6aGmiQcDrYzmwrdq76HElwyewA=
github.com/kilic/bls12-381 v0.1.1-0.20210208205449-6045b0235e36/go.mod h1:tlkavyke+Ac7h8R3gZIjI5LKBcvMlSWnXNMgT3vZXo8=
github.com/supranational/blst v0.3.4 h1:iZE9lBMoywK2uy2U/5hDOvobQk9FnOQ2wNlu9GmRCoA=
github.com/supranational/blst v0.3.4/go.mod h1:jZJtfjgudtNl4en1tzwPIV3KjUnQUvG3/j+w+fVonLw=
golang.org/x/sys v0.0.0-20210124154548-22da62e12c0c/go.mod h1:h1NjWce9XRLGQEsW7wpKNCjG9DtNlClVuFLEZdDNbEs=
golang.org/x/sys v0.0.0-20210326220804-49726bf1d181 h1:64ChN/hjER/taL4YJuA+gpLfIMT+/NFherRZixbxOhg=
golang.org/x/sys v0.0.0-20210326220804-49726bf1d181/go.mod h1:h1NjWce9XRLGQEsW7wpKNCjG9DtNlClVuFLEZdDNbEs=
